
Microsoft Visual Studio Solution File, Format Version 12.00
# Visual Studio 15
VisualStudioVersion = 15.0.28307.852
MinimumVisualStudioVersion = 10.0.40219.1
Project("{9A19103F-16F7-4668-BE54-9A1E7A4F7556}") = "ConwaysGameOfLife", "ConwaysGameOfLife\ConwaysGameOfLife.csproj", "{3B86C2B2-EE50-4A8D-9F91-4B6908B7A163}"
	ProjectSection(ProjectDependencies) = postProject
		{C50F59DD-024D-48AF-A370-BFC12B8FD7BC} = {C50F59DD-024D-48AF-A370-BFC12B8FD7BC}
	EndProjectSection
EndProject
Project("{8BC9CEB8-8B4A-11D0-8D11-00A0C91BC942}") = "Processing", "Processing\Processing.vcxproj", "{C50F59DD-024D-48AF-A370-BFC12B8FD7BC}"
EndProject
Global
	GlobalSection(SolutionConfigurationPlatforms) = preSolution
		Debug|Any CPU = Debug|Any CPU
		Debug|x64 = Debug|x64
		Debug|x86 = Debug|x86
		Release|Any CPU = Release|Any CPU
		Release|x64 = Release|x64
		Release|x86 = Release|x86
	EndGlobalSection
	GlobalSection(ProjectConfigurationPlatforms) = postSolution
		{3B86C2B2-EE50-4A8D-9F91-4B6908B7A163}.Debug|Any CPU.ActiveCfg = Debug|Any CPU
		{3B86C2B2-EE50-4A8D-9F91-4B6908B7A163}.Debug|Any CPU.Build.0 = Debug|Any CPU
		{3B86C2B2-EE50-4A8D-9F91-4B6908B7A163}.Debug|x64.ActiveCfg = Debug|x64
		{3B86C2B2-EE50-4A8D-9F91-4B6908B7A163}.Debug|x64.Build.0 = Debug|x64
		{3B86C2B2-EE50-4A8D-9F91-4B6908B7A163}.Debug|x86.ActiveCfg = Debug|x86
		{3B86C2B2-EE50-4A8D-9F91-4B6908B7A163}.Debug|x86.Build.0 = Debug|x86
		{3B86C2B2-EE50-4A8D-9F91-4B6908B7A163}.Release|Any CPU.ActiveCfg = Release|Any CPU
		{3B86C2B2-EE50-4A8D-9F91-4B6908B7A163}.Release|Any CPU.Build.0 = Release|Any CPU
		{3B86C2B2-EE50-4A8D-9F91-4B6908B7A163}.Release|x64.ActiveCfg = Release|Any CPU
		{3B86C2B2-EE50-4A8D-9F91-4B6908B7A163}.Release|x64.Build.0 = Release|Any CPU
		{3B86C2B2-EE50-4A8D-9F91-4B6908B7A163}.Release|x86.ActiveCfg = Release|Any CPU
		{3B86C2B2-EE50-4A8D-9F91-4B6908B7A163}.Release|x86.Build.0 = Release|Any CPU
		{C50F59DD-024D-48AF-A370-BFC12B8FD7BC}.Debug|Any CPU.ActiveCfg = Debug|x64
		{C50F59DD-024D-48AF-A370-BFC12B8FD7BC}.Debug|Any CPU.Build.0 = Debug|x64
		{C50F59DD-024D-48AF-A370-BFC12B8FD7BC}.Debug|x64.ActiveCfg = Debug|x64
		{C50F59DD-024D-48AF-A370-BFC12B8FD7BC}.Debug|x64.Build.0 = Debug|x64
		{C50F59DD-024D-48AF-A370-BFC12B8FD7BC}.Debug|x86.ActiveCfg = Debug|Win32
		{C50F59DD-024D-48AF-A370-BFC12B8FD7BC}.Debug|x86.Build.0 = Debug|Win32
		{C50F59DD-024D-48AF-A370-BFC12B8FD7BC}.Release|Any CPU.ActiveCfg = Release|Win32
		{C50F59DD-024D-48AF-A370-BFC12B8FD7BC}.Release|x64.ActiveCfg = Release|x64
		{C50F59DD-024D-48AF-A370-BFC12B8FD7BC}.Release|x64.Build.0 = Release|x64
		{C50F59DD-024D-48AF-A370-BFC12B8FD7BC}.Release|x86.ActiveCfg = Release|Win32
		{C50F59DD-024D-48AF-A370-BFC12B8FD7BC}.Release|x86.Build.0 = Release|Win32
	EndGlobalSection
	GlobalSection(SolutionProperties) = preSolution
		HideSolutionNode = FALSE
	EndGlobalSection
	GlobalSection(ExtensibilityGlobals) = postSolution
		SolutionGuid = {5957CA63-16F2-464F-887E-AF5D7870836A}
	EndGlobalSection
EndGlobal
